
Microsoft Visual Studio Solution File, Format Version 12.00
# Visual Studio Version 17
VisualStudioVersion = 17.8.34330.188
MinimumVisualStudioVersion = 10.0.40219.1
Project("{9A19103F-16F7-4668-BE54-9A1E7A4F7556}") = "Domain", "Domain\Domain.csproj", "{2FBB1248-95C7-4321-96D8-07783BB12B90}"
EndProject
Project("{2150E333-8FDC-42A3-9474-1A3956D46DE8}") = "src", "src", "{7703F160-ACBB-4363-8789-3464BE8A56BE}"
EndProject
Project("{FAE04EC0-301F-11D3-BF4B-00C04F79EFBC}") = "Application", "Application\Application.csproj", "{D6E6D098-3444-4541-BB96-3BD4DF690518}"
EndProject
Project("{FAE04EC0-301F-11D3-BF4B-00C04F79EFBC}") = "Infrastructure", "Infrastructure\Infrastructure.csproj", "{5A787AC5-9670-4C77-B8BE-55F4CF34443F}"
EndProject
Project("{FAE04EC0-301F-11D3-BF4B-00C04F79EFBC}") = "Presentation", "Presentation\Presentation.csproj", "{91AB6ABC-EDCB-4ACD-8E0A-9771DF8E246C}"
EndProject
Project("{FAE04EC0-301F-11D3-BF4B-00C04F79EFBC}") = "WebApi", "WebApi\WebApi.csproj", "{4BD97D5B-4A33-4408-AED1-E49454BC7BD9}"
EndProject
Global
	GlobalSection(SolutionConfigurationPlatforms) = preSolution
		Debug|Any CPU = Debug|Any CPU
		Release|Any CPU = Release|Any CPU
	EndGlobalSection
	GlobalSection(ProjectConfigurationPlatforms) = postSolution
		{2FBB1248-95C7-4321-96D8-07783BB12B90}.Debug|Any CPU.ActiveCfg = Debug|Any CPU
		{2FBB1248-95C7-4321-96D8-07783BB12B90}.Debug|Any CPU.Build.0 = Debug|Any CPU
		{2FBB1248-95C7-4321-96D8-07783BB12B90}.Release|Any CPU.ActiveCfg = Release|Any CPU
		{2FBB1248-95C7-4321-96D8-07783BB12B90}.Release|Any CPU.Build.0 = Release|Any CPU
		{D6E6D098-3444-4541-BB96-3BD4DF690518}.Debug|Any CPU.ActiveCfg = Debug|Any CPU
		{D6E6D098-3444-4541-BB96-3BD4DF690518}.Debug|Any CPU.Build.0 = Debug|Any CPU
		{D6E6D098-3444-4541-BB96-3BD4DF690518}.Release|Any CPU.ActiveCfg = Release|Any CPU
		{D6E6D098-3444-4541-BB96-3BD4DF690518}.Release|Any CPU.Build.0 = Release|Any CPU
		{5A787AC5-9670-4C77-B8BE-55F4CF34443F}.Debug|Any CPU.ActiveCfg = Debug|Any CPU
		{5A787AC5-9670-4C77-B8BE-55F4CF34443F}.Debug|Any CPU.Build.0 = Debug|Any CPU
		{5A787AC5-9670-4C77-B8BE-55F4CF34443F}.Release|Any CPU.ActiveCfg = Release|Any CPU
		{5A787AC5-9670-4C77-B8BE-55F4CF34443F}.Release|Any CPU.Build.0 = Release|Any CPU
		{91AB6ABC-EDCB-4ACD-8E0A-9771DF8E246C}.Debug|Any CPU.ActiveCfg = Debug|Any CPU
		{91AB6ABC-EDCB-4ACD-8E0A-9771DF8E246C}.Debug|Any CPU.Build.0 = Debug|Any CPU
		{91AB6ABC-EDCB-4ACD-8E0A-9771DF8E246C}.Release|Any CPU.ActiveCfg = Release|Any CPU
		{91AB6ABC-EDCB-4ACD-8E0A-9771DF8E246C}.Release|Any CPU.Build.0 = Release|Any CPU
		{4BD97D5B-4A33-4408-AED1-E49454BC7BD9}.Debug|Any CPU.ActiveCfg = Debug|Any CPU
		{4BD97D5B-4A33-4408-AED1-E49454BC7BD9}.Debug|Any CPU.Build.0 = Debug|Any CPU
		{4BD97D5B-4A33-4408-AED1-E49454BC7BD9}.Release|Any CPU.ActiveCfg = Release|Any CPU
		{4BD97D5B-4A33-4408-AED1-E49454BC7BD9}.Release|Any CPU.Build.0 = Release|Any CPU
	EndGlobalSection
	GlobalSection(SolutionProperties) = preSolution
		HideSolutionNode = FALSE
	EndGlobalSection
	GlobalSection(NestedProjects) = preSolution
		{2FBB1248-95C7-4321-96D8-07783BB12B90} = {7703F160-ACBB-4363-8789-3464BE8A56BE}
		{D6E6D098-3444-4541-BB96-3BD4DF690518} = {7703F160-ACBB-4363-8789-3464BE8A56BE}
		{5A787AC5-9670-4C77-B8BE-55F4CF34443F} = {7703F160-ACBB-4363-8789-3464BE8A56BE}
		{91AB6ABC-EDCB-4ACD-8E0A-9771DF8E246C} = {7703F160-ACBB-4363-8789-3464BE8A56BE}
		{4BD97D5B-4A33-4408-AED1-E49454BC7BD9} = {7703F160-ACBB-4363-8789-3464BE8A56BE}
	EndGlobalSection
	GlobalSection(ExtensibilityGlobals) = postSolution
		SolutionGuid = {66F1A8B3-B491-4D89-8309-9498293CE2F0}
	EndGlobalSection
EndGlobal
